{
  "name": "gatsby-starter-lumen",
  "version": "3.0.7",
  "lockfileVersion": 1,
  "requires": true,
  "dependencies": {
    "gatsby-plugin-disqus": {
      "version": "1.2.3",
      "resolved": "https://registry.npmjs.org/gatsby-plugin-disqus/-/gatsby-plugin-disqus-1.2.3.tgz",
      "integrity": "sha512-HjsMCGPt1qI/oryCw1NJjFS6XQ99eQmsXjrxxRi295sjlpvvcnNXlB11O7v4BbjNu2euqCY6XzK/fBkYJjjgCQ=="
    }
  }
}
